{
  "name": "node-starter",
  "version": "0.0.0",
  "lockfileVersion": 2,
  "requires": true,
  "packages": {
    "": {
      "name": "node-starter",
      "version": "0.0.0",
      "dependencies": {
        "morse-code-js": "^1.0.0"
      }
    },
    "node_modules/morse-code-js": {
      "version": "1.0.0",
      "resolved": "https://registry.npmjs.org/morse-code-js/-/morse-code-js-1.0.0.tgz",
      "integrity": "sha512-3d+C8rQcUNrIyIEtnyNjdVTRgtHpyUjjqg/F354msWdoWiZ0l+HZSZLLoquezf6tBX+MmUkGRANhIjWbmuFoTA=="
    }
  },
  "dependencies": {
    "morse-code-js": {
      "version": "1.0.0",
      "resolved": "https://registry.npmjs.org/morse-code-js/-/morse-code-js-1.0.0.tgz",
      "integrity": "sha512-3d+C8rQcUNrIyIEtnyNjdVTRgtHpyUjjqg/F354msWdoWiZ0l+HZSZLLoquezf6tBX+MmUkGRANhIjWbmuFoTA=="
    }
  }
}
